
Microsoft Visual Studio Solution File, Format Version 12.00
# Visual Studio Version 17
VisualStudioVersion = 17.4.33110.190
MinimumVisualStudioVersion = 10.0.40219.1
Project("{9A19103F-16F7-4668-BE54-9A1E7A4F7556}") = "LambdaAlexa", "LambdaAlexa.csproj", "{A2084740-F9B3-4E80-9FBC-403EED9E927F}"
EndProject
Global
	GlobalSection(SolutionConfigurationPlatforms) = preSolution
		Debug|Any CPU = Debug|Any CPU
		Release|Any CPU = Release|Any CPU
	EndGlobalSection
	GlobalSection(ProjectConfigurationPlatforms) = postSolution
		{A2084740-F9B3-4E80-9FBC-403EED9E927F}.Debug|Any CPU.ActiveCfg = Debug|Any CPU
		{A2084740-F9B3-4E80-9FBC-403EED9E927F}.Debug|Any CPU.Build.0 = Debug|Any CPU
		{A2084740-F9B3-4E80-9FBC-403EED9E927F}.Release|Any CPU.ActiveCfg = Release|Any CPU
		{A2084740-F9B3-4E80-9FBC-403EED9E927F}.Release|Any CPU.Build.0 = Release|Any CPU
	EndGlobalSection
	GlobalSection(SolutionProperties) = preSolution
		HideSolutionNode = FALSE
	EndGlobalSection
	GlobalSection(ExtensibilityGlobals) = postSolution
		SolutionGuid = {085D9E8D-1766-4C5A-94EF-49AC013CF8A6}
	EndGlobalSection
EndGlobal
